// !$*UTF8*$!
{
	archiveVersion = 1;
	classes = {
	};
	objectVersion = 48;
	objects = {

/* Begin PBXBuildFile section */
		6940654B20923A3B007DE1AC /* APIManagerTests.swift in Sources */ = {isa = PBXBuildFile; fileRef = 6940654A20923A3B007DE1AC /* APIManagerTests.swift */; };
		6940655020923B7A007DE1AC /* CompletionModel.swift in Sources */ = {isa = PBXBuildFile; fileRef = 6940654D20923B7A007DE1AC /* CompletionModel.swift */; };
		6940655120923B7A007DE1AC /* APIManager.swift in Sources */ = {isa = PBXBuildFile; fileRef = 6940654E20923B7A007DE1AC /* APIManager.swift */; };
		6940655220923B7A007DE1AC /* APIError.swift in Sources */ = {isa = PBXBuildFile; fileRef = 6940654F20923B7A007DE1AC /* APIError.swift */; };
		6940655620923B92007DE1AC /* Channel.swift in Sources */ = {isa = PBXBuildFile; fileRef = 6940655320923B92007DE1AC /* Channel.swift */; };
		6940655720923B92007DE1AC /* NewsItem.swift in Sources */ = {isa = PBXBuildFile; fileRef = 6940655420923B92007DE1AC /* NewsItem.swift */; };
		6940655820923B92007DE1AC /* RSSResponse.swift in Sources */ = {isa = PBXBuildFile; fileRef = 6940655520923B92007DE1AC /* RSSResponse.swift */; };
		6940655B20923BBC007DE1AC /* Constants.swift in Sources */ = {isa = PBXBuildFile; fileRef = 6940655A20923BBC007DE1AC /* Constants.swift */; };
		6940655D20923ECA007DE1AC /* Constants.swift in Sources */ = {isa = PBXBuildFile; fileRef = 6940655A20923BBC007DE1AC /* Constants.swift */; };
		69406562209244EB007DE1AC /* NewsFeedTableViewController.swift in Sources */ = {isa = PBXBuildFile; fileRef = 69406561209244EB007DE1AC /* NewsFeedTableViewController.swift */; };
		696A1A51208F6EB100427AC9 /* AppDelegate.swift in Sources */ = {isa = PBXBuildFile; fileRef = 696A1A50208F6EB100427AC9 /* AppDelegate.swift */; };
		696A1A56208F6EB100427AC9 /* Main.storyboard in Resources */ = {isa = PBXBuildFile; fileRef = 696A1A54208F6EB100427AC9 /* Main.storyboard */; };
		696A1A58208F6EB100427AC9 /* Assets.xcassets in Resources */ = {isa = PBXBuildFile; fileRef = 696A1A57208F6EB100427AC9 /* Assets.xcassets */; };
		696A1A5B208F6EB100427AC9 /* LaunchScreen.storyboard in Resources */ = {isa = PBXBuildFile; fileRef = 696A1A59208F6EB100427AC9 /* LaunchScreen.storyboard */; };
		69E75D892093540A00ADA08F /* ErrorHandler.swift in Sources */ = {isa = PBXBuildFile; fileRef = 69E75D882093540A00ADA08F /* ErrorHandler.swift */; };
		B1DD13A4E9DF783505DF2D82 /* Pods_Le_Monde_RSS.framework in Frameworks */ = {isa = PBXBuildFile; fileRef = E0A20079C15E2532514F2182 /* Pods_Le_Monde_RSS.framework */; };
		FF92AA1048BE0B6D34BD324D /* Pods_Le_Monde_RSSTests.framework in Frameworks */ = {isa = PBXBuildFile; fileRef = FE36D580F8227B5A25B62760 /* Pods_Le_Monde_RSSTests.framework */; };
/* End PBXBuildFile section */

/* Begin PBXContainerItemProxy section */
		696A1A62208F6EB100427AC9 /* PBXContainerItemProxy */ = {
			isa = PBXContainerItemProxy;
			containerPortal = 696A1A45208F6EB100427AC9 /* Project object */;
			proxyType = 1;
			remoteGlobalIDString = 696A1A4C208F6EB100427AC9;
			remoteInfo = "Le Monde RSS";
		};
/* End PBXContainerItemProxy section */

/* Begin PBXFileReference section */
		6940654A20923A3B007DE1AC /* APIManagerTests.swift */ = {isa = PBXFileReference; fileEncoding = 4; lastKnownFileType = sourcecode.swift; path = APIManagerTests.swift; sourceTree = "<group>"; };
		6940654D20923B7A007DE1AC /* CompletionModel.swift */ = {isa = PBXFileReference; fileEncoding = 4; lastKnownFileType = sourcecode.swift; name = CompletionModel.swift; path = ../API/CompletionModel.swift; sourceTree = "<group>"; };
		6940654E20923B7A007DE1AC /* APIManager.swift */ = {isa = PBXFileReference; fileEncoding = 4; lastKnownFileType = sourcecode.swift; name = APIManager.swift; path = ../API/APIManager.swift; sourceTree = "<group>"; };
		6940654F20923B7A007DE1AC /* APIError.swift */ = {isa = PBXFileReference; fileEncoding = 4; lastKnownFileType = sourcecode.swift; path = APIError.swift; sourceTree = "<group>"; };
		6940655320923B92007DE1AC /* Channel.swift */ = {isa = PBXFileReference; fileEncoding = 4; lastKnownFileType = sourcecode.swift; name = Channel.swift; path = ../../Model/Domain/Channel.swift; sourceTree = "<group>"; };
		6940655420923B92007DE1AC /* NewsItem.swift */ = {isa = PBXFileReference; fileEncoding = 4; lastKnownFileType = sourcecode.swift; name = NewsItem.swift; path = ../../Model/Domain/NewsItem.swift; sourceTree = "<group>"; };
		6940655520923B92007DE1AC /* RSSResponse.swift */ = {isa = PBXFileReference; fileEncoding = 4; lastKnownFileType = sourcecode.swift; name = RSSResponse.swift; path = ../../Model/Domain/RSSResponse.swift; sourceTree = "<group>"; };
		6940655A20923BBC007DE1AC /* Constants.swift */ = {isa = PBXFileReference; fileEncoding = 4; lastKnownFileType = sourcecode.swift; name = Constants.swift; path = ../Model/Constants.swift; sourceTree = "<group>"; };
		69406561209244EB007DE1AC /* NewsFeedTableViewController.swift */ = {isa = PBXFileReference; lastKnownFileType = sourcecode.swift; path = NewsFeedTableViewController.swift; sourceTree = "<group>"; };
		696A1A4D208F6EB100427AC9 /* Le Monde RSS.app */ = {isa = PBXFileReference; explicitFileType = wrapper.application; includeInIndex = 0; path = "Le Monde RSS.app"; sourceTree = BUILT_PRODUCTS_DIR; };
		696A1A50208F6EB100427AC9 /* AppDelegate.swift */ = {isa = PBXFileReference; lastKnownFileType = sourcecode.swift; path = AppDelegate.swift; sourceTree = "<group>"; };
		696A1A55208F6EB100427AC9 /* Base */ = {isa = PBXFileReference; lastKnownFileType = file.storyboard; name = Base; path = Base.lproj/Main.storyboard; sourceTree = "<group>"; };
		696A1A57208F6EB100427AC9 /* Assets.xcassets */ = {isa = PBXFileReference; lastKnownFileType = folder.assetcatalog; path = Assets.xcassets; sourceTree = "<group>"; };
		696A1A5A208F6EB100427AC9 /* Base */ = {isa = PBXFileReference; lastKnownFileType = file.storyboard; name = Base; path = Base.lproj/LaunchScreen.storyboard; sourceTree = "<group>"; };
		696A1A5C208F6EB100427AC9 /* Info.plist */ = {isa = PBXFileReference; lastKnownFileType = text.plist.xml; path = Info.plist; sourceTree = "<group>"; };
		696A1A61208F6EB100427AC9 /* Le Monde RSSTests.xctest */ = {isa = PBXFileReference; explicitFileType = wrapper.cfbundle; includeInIndex = 0; path = "Le Monde RSSTests.xctest"; sourceTree = BUILT_PRODUCTS_DIR; };
		696A1A67208F6EB100427AC9 /* Info.plist */ = {isa = PBXFileReference; lastKnownFileType = text.plist.xml; path = Info.plist; sourceTree = "<group>"; };
		69E75D882093540A00ADA08F /* ErrorHandler.swift */ = {isa = PBXFileReference; lastKnownFileType = sourcecode.swift; path = ErrorHandler.swift; sourceTree = "<group>"; };
		69F9A10F209360B900A4FDDA /* fr */ = {isa = PBXFileReference; lastKnownFileType = text.plist.strings; name = fr; path = fr.lproj/Main.strings; sourceTree = "<group>"; };
		69F9A110209360B900A4FDDA /* fr */ = {isa = PBXFileReference; lastKnownFileType = text.plist.strings; name = fr; path = fr.lproj/LaunchScreen.strings; sourceTree = "<group>"; };
		69F9A116209362C900A4FDDA /* en */ = {isa = PBXFileReference; lastKnownFileType = text.plist.strings; name = en; path = en.lproj/Main.strings; sourceTree = "<group>"; };
		69F9A117209362C900A4FDDA /* en */ = {isa = PBXFileReference; lastKnownFileType = text.plist.strings; name = en; path = en.lproj/LaunchScreen.strings; sourceTree = "<group>"; };
		945D92BE2ED9ADBF6D6B97AC /* Pods-Le Monde RSSTests.release.xcconfig */ = {isa = PBXFileReference; includeInIndex = 1; lastKnownFileType = text.xcconfig; name = "Pods-Le Monde RSSTests.release.xcconfig"; path = "Pods/Target Support Files/Pods-Le Monde RSSTests/Pods-Le Monde RSSTests.release.xcconfig"; sourceTree = "<group>"; };
		B418BC1B114740EBB05FD0B6 /* Pods-Le Monde RSS.release.xcconfig */ = {isa = PBXFileReference; includeInIndex = 1; lastKnownFileType = text.xcconfig; name = "Pods-Le Monde RSS.release.xcconfig"; path = "Pods/Target Support Files/Pods-Le Monde RSS/Pods-Le Monde RSS.release.xcconfig"; sourceTree = "<group>"; };
		D001B01A80263FBD7289BBCF /* Pods-Le Monde RSS.debug.xcconfig */ = {isa = PBXFileReference; includeInIndex = 1; lastKnownFileType = text.xcconfig; name = "Pods-Le Monde RSS.debug.xcconfig"; path = "Pods/Target Support Files/Pods-Le Monde RSS/Pods-Le Monde RSS.debug.xcconfig"; sourceTree = "<group>"; };
		E0A20079C15E2532514F2182 /* Pods_Le_Monde_RSS.framework */ = {isa = PBXFileReference; explicitFileType = wrapper.framework; includeInIndex = 0; path = Pods_Le_Monde_RSS.framework; sourceTree = BUILT_PRODUCTS_DIR; };
		F2D236D9FB591ED88DA19708 /* Pods-Le Monde RSSTests.debug.xcconfig */ = {isa = PBXFileReference; includeInIndex = 1; lastKnownFileType = text.xcconfig; name = "Pods-Le Monde RSSTests.debug.xcconfig"; path = "Pods/Target Support Files/Pods-Le Monde RSSTests/Pods-Le Monde RSSTests.debug.xcconfig"; sourceTree = "<group>"; };
		FE36D580F8227B5A25B62760 /* Pods_Le_Monde_RSSTests.framework */ = {isa = PBXFileReference; explicitFileType = wrapper.framework; includeInIndex = 0; path = Pods_Le_Monde_RSSTests.framework; sourceTree = BUILT_PRODUCTS_DIR; };
/* End PBXFileReference section */

/* Begin PBXFrameworksBuildPhase section */
		696A1A4A208F6EB100427AC9 /* Frameworks */ = {
			isa = PBXFrameworksBuildPhase;
			buildActionMask = 2147483647;
			files = (
				B1DD13A4E9DF783505DF2D82 /* Pods_Le_Monde_RSS.framework in Frameworks */,
			);
			runOnlyForDeploymentPostprocessing = 0;
		};
		696A1A5E208F6EB100427AC9 /* Frameworks */ = {
			isa = PBXFrameworksBuildPhase;
			buildActionMask = 2147483647;
			files = (
				FF92AA1048BE0B6D34BD324D /* Pods_Le_Monde_RSSTests.framework in Frameworks */,
			);
			runOnlyForDeploymentPostprocessing = 0;
		};
/* End PBXFrameworksBuildPhase section */

/* Begin PBXGroup section */
		229354FAD8129BDEC60D7234 /* Frameworks */ = {
			isa = PBXGroup;
			children = (
				E0A20079C15E2532514F2182 /* Pods_Le_Monde_RSS.framework */,
				FE36D580F8227B5A25B62760 /* Pods_Le_Monde_RSSTests.framework */,
			);
			name = Frameworks;
			sourceTree = "<group>";
		};
		4FB3C27EBC65C1C4BE42B584 /* Pods */ = {
			isa = PBXGroup;
			children = (
				D001B01A80263FBD7289BBCF /* Pods-Le Monde RSS.debug.xcconfig */,
				B418BC1B114740EBB05FD0B6 /* Pods-Le Monde RSS.release.xcconfig */,
				F2D236D9FB591ED88DA19708 /* Pods-Le Monde RSSTests.debug.xcconfig */,
				945D92BE2ED9ADBF6D6B97AC /* Pods-Le Monde RSSTests.release.xcconfig */,
			);
			name = Pods;
			sourceTree = "<group>";
		};
		6940654C20923B54007DE1AC /* API */ = {
			isa = PBXGroup;
			children = (
				6940654F20923B7A007DE1AC /* APIError.swift */,
				6940654E20923B7A007DE1AC /* APIManager.swift */,
				6940654D20923B7A007DE1AC /* CompletionModel.swift */,
			);
			path = API;
			sourceTree = "<group>";
		};
		6940655920923B98007DE1AC /* Model */ = {
			isa = PBXGroup;
			children = (
				6940655C20923BBF007DE1AC /* Domain */,
				6940655A20923BBC007DE1AC /* Constants.swift */,
			);
			path = Model;
			sourceTree = "<group>";
		};
		6940655C20923BBF007DE1AC /* Domain */ = {
			isa = PBXGroup;
			children = (
				6940655320923B92007DE1AC /* Channel.swift */,
				6940655420923B92007DE1AC /* NewsItem.swift */,
				6940655520923B92007DE1AC /* RSSResponse.swift */,
			);
			path = Domain;
			sourceTree = "<group>";
		};
		6940655E20924380007DE1AC /* Controller */ = {
			isa = PBXGroup;
			children = (
				69406561209244EB007DE1AC /* NewsFeedTableViewController.swift */,
			);
			path = Controller;
			sourceTree = "<group>";
		};
		696A1A44208F6EB100427AC9 = {
			isa = PBXGroup;
			children = (
				696A1A4F208F6EB100427AC9 /* Le Monde RSS */,
				696A1A64208F6EB100427AC9 /* Le Monde RSSTests */,
				696A1A4E208F6EB100427AC9 /* Products */,
				4FB3C27EBC65C1C4BE42B584 /* Pods */,
				229354FAD8129BDEC60D7234 /* Frameworks */,
			);
			sourceTree = "<group>";
		};
		696A1A4E208F6EB100427AC9 /* Products */ = {
			isa = PBXGroup;
			children = (
				696A1A4D208F6EB100427AC9 /* Le Monde RSS.app */,
				696A1A61208F6EB100427AC9 /* Le Monde RSSTests.xctest */,
			);
			name = Products;
			sourceTree = "<group>";
		};
		696A1A4F208F6EB100427AC9 /* Le Monde RSS */ = {
			isa = PBXGroup;
			children = (
				69E75D87209353A600ADA08F /* Utils */,
				6940655E20924380007DE1AC /* Controller */,
				6940655920923B98007DE1AC /* Model */,
				6940654C20923B54007DE1AC /* API */,
				696A1A50208F6EB100427AC9 /* AppDelegate.swift */,
				696A1A54208F6EB100427AC9 /* Main.storyboard */,
				696A1A57208F6EB100427AC9 /* Assets.xcassets */,
				696A1A59208F6EB100427AC9 /* LaunchScreen.storyboard */,
				696A1A5C208F6EB100427AC9 /* Info.plist */,
			);
			path = "Le Monde RSS";
			sourceTree = "<group>";
		};
		696A1A64208F6EB100427AC9 /* Le Monde RSSTests */ = {
			isa = PBXGroup;
			children = (
				6940654A20923A3B007DE1AC /* APIManagerTests.swift */,
				696A1A67208F6EB100427AC9 /* Info.plist */,
			);
			path = "Le Monde RSSTests";
			sourceTree = "<group>";
		};
		69E75D87209353A600ADA08F /* Utils */ = {
			isa = PBXGroup;
			children = (
				69E75D882093540A00ADA08F /* ErrorHandler.swift */,
			);
			path = Utils;
			sourceTree = "<group>";
		};
/* End PBXGroup section */

/* Begin PBXNativeTarget section */
		696A1A4C208F6EB100427AC9 /* Le Monde RSS */ = {
			isa = PBXNativeTarget;
			buildConfigurationList = 696A1A6A208F6EB100427AC9 /* Build configuration list for PBXNativeTarget "Le Monde RSS" */;
			buildPhases = (
				B61A3EEEDE8703E1F2FD9B75 /* [CP] Check Pods Manifest.lock */,
				696A1A49208F6EB100427AC9 /* Sources */,
				696A1A4A208F6EB100427AC9 /* Frameworks */,
				696A1A4B208F6EB100427AC9 /* Resources */,
				696A1A73208F710800427AC9 /* ShellScript */,
				45A4CFDE391CB336D66C577A /* [CP] Embed Pods Frameworks */,
			);
			buildRules = (
			);
			dependencies = (
			);
			name = "Le Monde RSS";
			productName = "Le Monde RSS";
			productReference = 696A1A4D208F6EB100427AC9 /* Le Monde RSS.app */;
			productType = "com.apple.product-type.application";
		};
		696A1A60208F6EB100427AC9 /* Le Monde RSSTests */ = {
			isa = PBXNativeTarget;
			buildConfigurationList = 696A1A6D208F6EB100427AC9 /* Build configuration list for PBXNativeTarget "Le Monde RSSTests" */;
			buildPhases = (
				C4A612D39A998CFE71C2BA94 /* [CP] Check Pods Manifest.lock */,
				696A1A5D208F6EB100427AC9 /* Sources */,
				696A1A5E208F6EB100427AC9 /* Frameworks */,
				696A1A5F208F6EB100427AC9 /* Resources */,
			);
			buildRules = (
			);
			dependencies = (
				696A1A63208F6EB100427AC9 /* PBXTargetDependency */,
			);
			name = "Le Monde RSSTests";
			productName = "Le Monde RSSTests";
			productReference = 696A1A61208F6EB100427AC9 /* Le Monde RSSTests.xctest */;
			productType = "com.apple.product-type.bundle.unit-test";
		};
/* End PBXNativeTarget section */

/* Begin PBXProject section */
		696A1A45208F6EB100427AC9 /* Project object */ = {
			isa = PBXProject;
			attributes = {
				LastSwiftUpdateCheck = 0920;
				LastUpgradeCheck = 0930;
				ORGANIZATIONNAME = dpalagi;
				TargetAttributes = {
					696A1A4C208F6EB100427AC9 = {
						CreatedOnToolsVersion = 9.2;
						ProvisioningStyle = Automatic;
					};
					696A1A60208F6EB100427AC9 = {
						CreatedOnToolsVersion = 9.2;
						LastSwiftMigration = 0920;
						ProvisioningStyle = Automatic;
						TestTargetID = 696A1A4C208F6EB100427AC9;
					};
				};
			};
			buildConfigurationList = 696A1A48208F6EB100427AC9 /* Build configuration list for PBXProject "Le Monde RSS" */;
			compatibilityVersion = "Xcode 8.0";
			developmentRegion = en;
			hasScannedForEncodings = 0;
			knownRegions = (
				Base,
			);
			mainGroup = 696A1A44208F6EB100427AC9;
			productRefGroup = 696A1A4E208F6EB100427AC9 /* Products */;
			projectDirPath = "";
			projectRoot = "";
			targets = (
				696A1A4C208F6EB100427AC9 /* Le Monde RSS */,
				696A1A60208F6EB100427AC9 /* Le Monde RSSTests */,
			);
		};
/* End PBXProject section */

/* Begin PBXResourcesBuildPhase section */
		696A1A4B208F6EB100427AC9 /* Resources */ = {
			isa = PBXResourcesBuildPhase;
			buildActionMask = 2147483647;
			files = (
				696A1A5B208F6EB100427AC9 /* LaunchScreen.storyboard in Resources */,
				696A1A58208F6EB100427AC9 /* Assets.xcassets in Resources */,
				696A1A56208F6EB100427AC9 /* Main.storyboard in Resources */,
			);
			runOnlyForDeploymentPostprocessing = 0;
		};
		696A1A5F208F6EB100427AC9 /* Resources */ = {
			isa = PBXResourcesBuildPhase;
			buildActionMask = 2147483647;
			files = (
			);
			runOnlyForDeploymentPostprocessing = 0;
		};
/* End PBXResourcesBuildPhase section */

/* Begin PBXShellScriptBuildPhase section */
		45A4CFDE391CB336D66C577A /* [CP] Embed Pods Frameworks */ = {
			isa = PBXShellScriptBuildPhase;
			buildActionMask = 2147483647;
			files = (
			);
			inputPaths = (
				"${SRCROOT}/Pods/Target Support Files/Pods-Le Monde RSS/Pods-Le Monde RSS-frameworks.sh",
				"${BUILT_PRODUCTS_DIR}/Alamofire/Alamofire.framework",
				"${BUILT_PRODUCTS_DIR}/AlamofireImage/AlamofireImage.framework",
				"${BUILT_PRODUCTS_DIR}/TTGSnackbar/TTGSnackbar.framework",
				"${BUILT_PRODUCTS_DIR}/XMLMapper/XMLMapper.framework",
			);
			name = "[CP] Embed Pods Frameworks";
			outputPaths = (
				"${TARGET_BUILD_DIR}/${FRAMEWORKS_FOLDER_PATH}/Alamofire.framework",
				"${TARGET_BUILD_DIR}/${FRAMEWORKS_FOLDER_PATH}/AlamofireImage.framework",
				"${TARGET_BUILD_DIR}/${FRAMEWORKS_FOLDER_PATH}/TTGSnackbar.framework",
				"${TARGET_BUILD_DIR}/${FRAMEWORKS_FOLDER_PATH}/XMLMapper.framework",
			);
			runOnlyForDeploymentPostprocessing = 0;
			shellPath = /bin/sh;
			shellScript = "\"${SRCROOT}/Pods/Target Support Files/Pods-Le Monde RSS/Pods-Le Monde RSS-frameworks.sh\"\n";
			showEnvVarsInLog = 0;
		};
		696A1A73208F710800427AC9 /* ShellScript */ = {
			isa = PBXShellScriptBuildPhase;
			buildActionMask = 2147483647;
			files = (
			);
			inputPaths = (
			);
			outputPaths = (
			);
			runOnlyForDeploymentPostprocessing = 0;
			shellPath = /bin/sh;
			shellScript = "if which swiftlint >/dev/null; then\n    swiftlint\nelse\n    echo \"warning: SwiftLint not installed, download from https://github.com/realm/SwiftLint\"\nfi";
		};
		B61A3EEEDE8703E1F2FD9B75 /* [CP] Check Pods Manifest.lock */ = {
			isa = PBXShellScriptBuildPhase;
			buildActionMask = 2147483647;
			files = (
			);
			inputPaths = (
				"${PODS_PODFILE_DIR_PATH}/Podfile.lock",
				"${PODS_ROOT}/Manifest.lock",
			);
			name = "[CP] Check Pods Manifest.lock";
			outputPaths = (
				"$(DERIVED_FILE_DIR)/Pods-Le Monde RSS-checkManifestLockResult.txt",
			);
			runOnlyForDeploymentPostprocessing = 0;
			shellPath = /bin/sh;
			shellScript = "diff \"${PODS_PODFILE_DIR_PATH}/Podfile.lock\" \"${PODS_ROOT}/Manifest.lock\" > /dev/null\nif [ $? != 0 ] ; then\n    # print error to STDERR\n    echo \"error: The sandbox is not in sync with the Podfile.lock. Run 'pod install' or update your CocoaPods installation.\" >&2\n    exit 1\nfi\n# This output is used by Xcode 'outputs' to avoid re-running this script phase.\necho \"SUCCESS\" > \"${SCRIPT_OUTPUT_FILE_0}\"\n";
			showEnvVarsInLog = 0;
		};
		C4A612D39A998CFE71C2BA94 /* [CP] Check Pods Manifest.lock */ = {
			isa = PBXShellScriptBuildPhase;
			buildActionMask = 2147483647;
			files = (
			);
			inputPaths = (
				"${PODS_PODFILE_DIR_PATH}/Podfile.lock",
				"${PODS_ROOT}/Manifest.lock",
			);
			name = "[CP] Check Pods Manifest.lock";
			outputPaths = (
				"$(DERIVED_FILE_DIR)/Pods-Le Monde RSSTests-checkManifestLockResult.txt",
			);
			runOnlyForDeploymentPostprocessing = 0;
			shellPath = /bin/sh;
			shellScript = "diff \"${PODS_PODFILE_DIR_PATH}/Podfile.lock\" \"${PODS_ROOT}/Manifest.lock\" > /dev/null\nif [ $? != 0 ] ; then\n    # print error to STDERR\n    echo \"error: The sandbox is not in sync with the Podfile.lock. Run 'pod install' or update your CocoaPods installation.\" >&2\n    exit 1\nfi\n# This output is used by Xcode 'outputs' to avoid re-running this script phase.\necho \"SUCCESS\" > \"${SCRIPT_OUTPUT_FILE_0}\"\n";
			showEnvVarsInLog = 0;
		};
/* End PBXShellScriptBuildPhase section */

/* Begin PBXSourcesBuildPhase section */
		696A1A49208F6EB100427AC9 /* Sources */ = {
			isa = PBXSourcesBuildPhase;
			buildActionMask = 2147483647;
			files = (
				6940655120923B7A007DE1AC /* APIManager.swift in Sources */,
				6940655720923B92007DE1AC /* NewsItem.swift in Sources */,
				6940655620923B92007DE1AC /* Channel.swift in Sources */,
				6940655820923B92007DE1AC /* RSSResponse.swift in Sources */,
				6940655020923B7A007DE1AC /* CompletionModel.swift in Sources */,
				6940655220923B7A007DE1AC /* APIError.swift in Sources */,
				696A1A51208F6EB100427AC9 /* AppDelegate.swift in Sources */,
				69E75D892093540A00ADA08F /* ErrorHandler.swift in Sources */,
				69406562209244EB007DE1AC /* NewsFeedTableViewController.swift in Sources */,
				6940655B20923BBC007DE1AC /* Constants.swift in Sources */,
			);
			runOnlyForDeploymentPostprocessing = 0;
		};
		696A1A5D208F6EB100427AC9 /* Sources */ = {
			isa = PBXSourcesBuildPhase;
			buildActionMask = 2147483647;
			files = (
				6940654B20923A3B007DE1AC /* APIManagerTests.swift in Sources */,
				6940655D20923ECA007DE1AC /* Constants.swift in Sources */,
			);
			runOnlyForDeploymentPostprocessing = 0;
		};
/* End PBXSourcesBuildPhase section */

/* Begin PBXTargetDependency section */
		696A1A63208F6EB100427AC9 /* PBXTargetDependency */ = {
			isa = PBXTargetDependency;
			target = 696A1A4C208F6EB100427AC9 /* Le Monde RSS */;
			targetProxy = 696A1A62208F6EB100427AC9 /* PBXContainerItemProxy */;
		};
/* End PBXTargetDependency section */

/* Begin PBXVariantGroup section */
		696A1A54208F6EB100427AC9 /* Main.storyboard */ = {
			isa = PBXVariantGroup;
			children = (
				696A1A55208F6EB100427AC9 /* Base */,
				69F9A10F209360B900A4FDDA /* fr */,
				69F9A116209362C900A4FDDA /* en */,
			);
			name = Main.storyboard;
			sourceTree = "<group>";
		};
		696A1A59208F6EB100427AC9 /* LaunchScreen.storyboard */ = {
			isa = PBXVariantGroup;
			children = (
				696A1A5A208F6EB100427AC9 /* Base */,
				69F9A110209360B900A4FDDA /* fr */,
				69F9A117209362C900A4FDDA /* en */,
			);
			name = LaunchScreen.storyboard;
			sourceTree = "<group>";
		};
/* End PBXVariantGroup section */

/* Begin XCBuildConfiguration section */
		696A1A68208F6EB100427AC9 /* Debug */ = {
			isa = XCBuildConfiguration;
			buildSettings = {
				ALWAYS_SEARCH_USER_PATHS = NO;
				CLANG_ANALYZER_LOCALIZABILITY_NONLOCALIZED = YES;
				CLANG_ANALYZER_NONNULL = YES;
				CLANG_ANALYZER_NUMBER_OBJECT_CONVERSION = YES_AGGRESSIVE;
				CLANG_CXX_LANGUAGE_STANDARD = "gnu++14";
				CLANG_CXX_LIBRARY = "libc++";
				CLANG_ENABLE_MODULES = YES;
				CLANG_ENABLE_OBJC_ARC = YES;
				CLANG_WARN_BLOCK_CAPTURE_AUTORELEASING = YES;
				CLANG_WARN_BOOL_CONVERSION = YES;
				CLANG_WARN_COMMA = YES;
				CLANG_WARN_CONSTANT_CONVERSION = YES;
				CLANG_WARN_DEPRECATED_OBJC_IMPLEMENTATIONS = YES;
				CLANG_WARN_DIRECT_OBJC_ISA_USAGE = YES_ERROR;
				CLANG_WARN_DOCUMENTATION_COMMENTS = YES;
				CLANG_WARN_EMPTY_BODY = YES;
				CLANG_WARN_ENUM_CONVERSION = YES;
				CLANG_WARN_INFINITE_RECURSION = YES;
				CLANG_WARN_INT_CONVERSION = YES;
				CLANG_WARN_NON_LITERAL_NULL_CONVERSION = YES;
				CLANG_WARN_OBJC_IMPLICIT_RETAIN_SELF = YES;
				CLANG_WARN_OBJC_LITERAL_CONVERSION = YES;
				CLANG_WARN_OBJC_ROOT_CLASS = YES_ERROR;
				CLANG_WARN_RANGE_LOOP_ANALYSIS = YES;
				CLANG_WARN_STRICT_PROTOTYPES = YES;
				CLANG_WARN_SUSPICIOUS_MOVE = YES;
				CLANG_WARN_UNGUARDED_AVAILABILITY = YES_AGGRESSIVE;
				CLANG_WARN_UNREACHABLE_CODE = YES;
				CLANG_WARN__DUPLICATE_METHOD_MATCH = YES;
				CODE_SIGN_IDENTITY = "iPhone Developer";
				COPY_PHASE_STRIP = NO;
				DEBUG_INFORMATION_FORMAT = dwarf;
				ENABLE_STRICT_OBJC_MSGSEND = YES;
				ENABLE_TESTABILITY = YES;
				GCC_C_LANGUAGE_STANDARD = gnu11;
				GCC_DYNAMIC_NO_PIC = NO;
				GCC_NO_COMMON_BLOCKS = YES;
				GCC_OPTIMIZATION_LEVEL = 0;
				GCC_PREPROCESSOR_DEFINITIONS = (
					"DEBUG=1",
					"$(inherited)",
				);
				GCC_WARN_64_TO_32_BIT_CONVERSION = YES;
				GCC_WARN_ABOUT_RETURN_TYPE = YES_ERROR;
				GCC_WARN_UNDECLARED_SELECTOR = YES;
				GCC_WARN_UNINITIALIZED_AUTOS = YES_AGGRESSIVE;
				GCC_WARN_UNUSED_FUNCTION = YES;
				GCC_WARN_UNUSED_VARIABLE = YES;
				IPHONEOS_DEPLOYMENT_TARGET = 11.2;
				MTL_ENABLE_DEBUG_INFO = YES;
				ONLY_ACTIVE_ARCH = YES;
				SDKROOT = iphoneos;
				SWIFT_ACTIVE_COMPILATION_CONDITIONS = DEBUG;
				SWIFT_OPTIMIZATION_LEVEL = "-Onone";
			};
			name = Debug;
		};
		696A1A69208F6EB100427AC9 /* Release */ = {
			isa = XCBuildConfiguration;
			buildSettings = {
				ALWAYS_SEARCH_USER_PATHS = NO;
				CLANG_ANALYZER_LOCALIZABILITY_NONLOCALIZED = YES;
				CLANG_ANALYZER_NONNULL = YES;
				CLANG_ANALYZER_NUMBER_OBJECT_CONVERSION = YES_AGGRESSIVE;
				CLANG_CXX_LANGUAGE_STANDARD = "gnu++14";
				CLANG_CXX_LIBRARY = "libc++";
				CLANG_ENABLE_MODULES = YES;
				CLANG_ENABLE_OBJC_ARC = YES;
				CLANG_WARN_BLOCK_CAPTURE_AUTORELEASING = YES;
				CLANG_WARN_BOOL_CONVERSION = YES;
				CLANG_WARN_COMMA = YES;
				CLANG_WARN_CONSTANT_CONVERSION = YES;
				CLANG_WARN_DEPRECATED_OBJC_IMPLEMENTATIONS = YES;
				CLANG_WARN_DIRECT_OBJC_ISA_USAGE = YES_ERROR;
				CLANG_WARN_DOCUMENTATION_COMMENTS = YES;
				CLANG_WARN_EMPTY_BODY = YES;
				CLANG_WARN_ENUM_CONVERSION = YES;
				CLANG_WARN_INFINITE_RECURSION = YES;
				CLANG_WARN_INT_CONVERSION = YES;
				CLANG_WARN_NON_LITERAL_NULL_CONVERSION = YES;
				CLANG_WARN_OBJC_IMPLICIT_RETAIN_SELF = YES;
				CLANG_WARN_OBJC_LITERAL_CONVERSION = YES;
				CLANG_WARN_OBJC_ROOT_CLASS = YES_ERROR;
				CLANG_WARN_RANGE_LOOP_ANALYSIS = YES;
				CLANG_WARN_STRICT_PROTOTYPES = YES;
				CLANG_WARN_SUSPICIOUS_MOVE = YES;
				CLANG_WARN_UNGUARDED_AVAILABILITY = YES_AGGRESSIVE;
				CLANG_WARN_UNREACHABLE_CODE = YES;
				CLANG_WARN__DUPLICATE_METHOD_MATCH = YES;
				CODE_SIGN_IDENTITY = "iPhone Developer";
				COPY_PHASE_STRIP = NO;
				DEBUG_INFORMATION_FORMAT = "dwarf-with-dsym";
				ENABLE_NS_ASSERTIONS = NO;
				ENABLE_STRICT_OBJC_MSGSEND = YES;
				GCC_C_LANGUAGE_STANDARD = gnu11;
				GCC_NO_COMMON_BLOCKS = YES;
				GCC_WARN_64_TO_32_BIT_CONVERSION = YES;
				GCC_WARN_ABOUT_RETURN_TYPE = YES_ERROR;
				GCC_WARN_UNDECLARED_SELECTOR = YES;
				GCC_WARN_UNINITIALIZED_AUTOS = YES_AGGRESSIVE;
				GCC_WARN_UNUSED_FUNCTION = YES;
				GCC_WARN_UNUSED_VARIABLE = YES;
				IPHONEOS_DEPLOYMENT_TARGET = 11.2;
				MTL_ENABLE_DEBUG_INFO = NO;
				SDKROOT = iphoneos;
				SWIFT_OPTIMIZATION_LEVEL = "-Owholemodule";
				VALIDATE_PRODUCT = YES;
			};
			name = Release;
		};
		696A1A6B208F6EB100427AC9 /* Debug */ = {
			isa = XCBuildConfiguration;
			baseConfigurationReference = D001B01A80263FBD7289BBCF /* Pods-Le Monde RSS.debug.xcconfig */;
			buildSettings = {
				ASSETCATALOG_COMPILER_APPICON_NAME = AppIcon;
				CODE_SIGN_STYLE = Automatic;
				DEVELOPMENT_TEAM = GXE6K4JY9Z;
				INFOPLIST_FILE = "Le Monde RSS/Info.plist";
				LD_RUNPATH_SEARCH_PATHS = "$(inherited) @executable_path/Frameworks";
				PRODUCT_BUNDLE_IDENTIFIER = "dpalagi.Le-Monde-RSS";
				PRODUCT_NAME = "$(TARGET_NAME)";
				SWIFT_VERSION = 4.0;
				TARGETED_DEVICE_FAMILY = "1,2";
			};
			name = Debug;
		};
		696A1A6C208F6EB100427AC9 /* Release */ = {
			isa = XCBuildConfiguration;
			baseConfigurationReference = B418BC1B114740EBB05FD0B6 /* Pods-Le Monde RSS.release.xcconfig */;
			buildSettings = {
				ASSETCATALOG_COMPILER_APPICON_NAME = AppIcon;
				CODE_SIGN_STYLE = Automatic;
				DEVELOPMENT_TEAM = GXE6K4JY9Z;
				INFOPLIST_FILE = "Le Monde RSS/Info.plist";
				LD_RUNPATH_SEARCH_PATHS = "$(inherited) @executable_path/Frameworks";
				PRODUCT_BUNDLE_IDENTIFIER = "dpalagi.Le-Monde-RSS";
				PRODUCT_NAME = "$(TARGET_NAME)";
				SWIFT_VERSION = 4.0;
				TARGETED_DEVICE_FAMILY = "1,2";
			};
			name = Release;
		};
		696A1A6E208F6EB100427AC9 /* Debug */ = {
			isa = XCBuildConfiguration;
			baseConfigurationReference = F2D236D9FB591ED88DA19708 /* Pods-Le Monde RSSTests.debug.xcconfig */;
			buildSettings = {
				ALWAYS_EMBED_SWIFT_STANDARD_LIBRARIES = YES;
				BUNDLE_LOADER = "$(TEST_HOST)";
				CLANG_ENABLE_MODULES = YES;
				CODE_SIGN_STYLE = Automatic;
				DEVELOPMENT_TEAM = GXE6K4JY9Z;
				INFOPLIST_FILE = "Le Monde RSSTests/Info.plist";
				LD_RUNPATH_SEARCH_PATHS = "$(inherited) @executable_path/Frameworks @loader_path/Frameworks";
				PRODUCT_BUNDLE_IDENTIFIER = "dpalagi.Le-Monde-RSSTests";
				PRODUCT_NAME = "$(TARGET_NAME)";
				SWIFT_OBJC_BRIDGING_HEADER = "";
				SWIFT_OPTIMIZATION_LEVEL = "-Onone";
				SWIFT_VERSION = 4.0;
				TARGETED_DEVICE_FAMILY = "1,2";
				TEST_HOST = "$(BUILT_PRODUCTS_DIR)/Le Monde RSS.app/Le Monde RSS";
			};
			name = Debug;
		};
		696A1A6F208F6EB100427AC9 /* Release */ = {
			isa = XCBuildConfiguration;
			baseConfigurationReference = 945D92BE2ED9ADBF6D6B97AC /* Pods-Le Monde RSSTests.release.xcconfig */;
			buildSettings = {
				ALWAYS_EMBED_SWIFT_STANDARD_LIBRARIES = YES;
				BUNDLE_LOADER = "$(TEST_HOST)";
				CLANG_ENABLE_MODULES = YES;
				CODE_SIGN_STYLE = Automatic;
				DEVELOPMENT_TEAM = GXE6K4JY9Z;
				INFOPLIST_FILE = "Le Monde RSSTests/Info.plist";
				LD_RUNPATH_SEARCH_PATHS = "$(inherited) @executable_path/Frameworks @loader_path/Frameworks";
				PRODUCT_BUNDLE_IDENTIFIER = "dpalagi.Le-Monde-RSSTests";
				PRODUCT_NAME = "$(TARGET_NAME)";
				SWIFT_OBJC_BRIDGING_HEADER = "";
				SWIFT_VERSION = 4.0;
				TARGETED_DEVICE_FAMILY = "1,2";
				TEST_HOST = "$(BUILT_PRODUCTS_DIR)/Le Monde RSS.app/Le Monde RSS";
			};
			name = Release;
		};
/* End XCBuildConfiguration section */

/* Begin XCConfigurationList section */
		696A1A48208F6EB100427AC9 /* Build configuration list for PBXProject "Le Monde RSS" */ = {
			isa = XCConfigurationList;
			buildConfigurations = (
				696A1A68208F6EB100427AC9 /* Debug */,
				696A1A69208F6EB100427AC9 /* Release */,
			);
			defaultConfigurationIsVisible = 0;
			defaultConfigurationName = Release;
		};
		696A1A6A208F6EB100427AC9 /* Build configuration list for PBXNativeTarget "Le Monde RSS" */ = {
			isa = XCConfigurationList;
			buildConfigurations = (
				696A1A6B208F6EB100427AC9 /* Debug */,
				696A1A6C208F6EB100427AC9 /* Release */,
			);
			defaultConfigurationIsVisible = 0;
			defaultConfigurationName = Release;
		};
		696A1A6D208F6EB100427AC9 /* Build configuration list for PBXNativeTarget "Le Monde RSSTests" */ = {
			isa = XCConfigurationList;
			buildConfigurations = (
				696A1A6E208F6EB100427AC9 /* Debug */,
				696A1A6F208F6EB100427AC9 /* Release */,
			);
			defaultConfigurationIsVisible = 0;
			defaultConfigurationName = Release;
		};
/* End XCConfigurationList section */
	};
	rootObject = 696A1A45208F6EB100427AC9 /* Project object */;
}
